
Microsoft Visual Studio Solution File, Format Version 12.00
# Visual Studio 15
VisualStudioVersion = 15.0.28307.271
MinimumVisualStudioVersion = 10.0.40219.1
Project("{FAE04EC0-301F-11D3-BF4B-00C04F79EFBC}") = "AIGroupProject", "AIGroupProject\AIGroupProject.csproj", "{5986601E-C5E8-46B6-82DC-8FD463F036AC}"
EndProject
Global
	GlobalSection(SolutionConfigurationPlatforms) = preSolution
		Debug|Any CPU = Debug|Any CPU
		Release|Any CPU = Release|Any CPU
	EndGlobalSection
	GlobalSection(ProjectConfigurationPlatforms) = postSolution
		{5986601E-C5E8-46B6-82DC-8FD463F036AC}.Debug|Any CPU.ActiveCfg = Debug|Any CPU
		{5986601E-C5E8-46B6-82DC-8FD463F036AC}.Debug|Any CPU.Build.0 = Debug|Any CPU
		{5986601E-C5E8-46B6-82DC-8FD463F036AC}.Release|Any CPU.ActiveCfg = Release|Any CPU
		{5986601E-C5E8-46B6-82DC-8FD463F036AC}.Release|Any CPU.Build.0 = Release|Any CPU
	EndGlobalSection
	GlobalSection(SolutionProperties) = preSolution
		HideSolutionNode = FALSE
	EndGlobalSection
	GlobalSection(ExtensibilityGlobals) = postSolution
		SolutionGuid = {C39FC177-5595-4017-BA3A-B93D5B0AF3AE}
	EndGlobalSection
EndGlobal
